// !$*UTF8*$!
{
	archiveVersion = 1;
	classes = {
	};
	objectVersion = 48;
	objects = {

/* Begin PBXBuildFile section */
		0E0871851FD786F900ECE059 /* VideoRecordingProcessor.swift in Sources */ = {isa = PBXBuildFile; fileRef = 0E0871841FD786F900ECE059 /* VideoRecordingProcessor.swift */; };
		0E08719E1FD7C04B00ECE059 /* Shaders.metal in Sources */ = {isa = PBXBuildFile; fileRef = 0E0871901FD7C04B00ECE059 /* Shaders.metal */; };
		0E1304AC1FD8E2C0007BF97E /* PreviewMetalView.swift in Sources */ = {isa = PBXBuildFile; fileRef = 0E1304AB1FD8E2C0007BF97E /* PreviewMetalView.swift */; };
		0E78B8FF1FEC4C9500EDCED7 /* PHPhotoLibrary+Save.swift in Sources */ = {isa = PBXBuildFile; fileRef = 0E78B8FE1FEC4C9400EDCED7 /* PHPhotoLibrary+Save.swift */; };
		0E8B6DF82004B04F006CD08E /* PhotoAlbumViewController.swift in Sources */ = {isa = PBXBuildFile; fileRef = 0E8B6DF72004B04F006CD08E /* PhotoAlbumViewController.swift */; };
		0E8B6DFF2004B08D006CD08E /* VirtualCamera.swift in Sources */ = {isa = PBXBuildFile; fileRef = 0E8B6DFA2004B08D006CD08E /* VirtualCamera.swift */; };
		0E8B6E002004B08D006CD08E /* Renderer.swift in Sources */ = {isa = PBXBuildFile; fileRef = 0E8B6DFB2004B08D006CD08E /* Renderer.swift */; };
		0E8B6E012004B08D006CD08E /* XYZ.swift in Sources */ = {isa = PBXBuildFile; fileRef = 0E8B6DFC2004B08D006CD08E /* XYZ.swift */; };
		0E8B6E022004B08D006CD08E /* Matrix.swift in Sources */ = {isa = PBXBuildFile; fileRef = 0E8B6DFD2004B08D006CD08E /* Matrix.swift */; };
		0E8B6E032004B08D006CD08E /* Mesh.swift in Sources */ = {isa = PBXBuildFile; fileRef = 0E8B6DFE2004B08D006CD08E /* Mesh.swift */; };
		0EEDB3E81FD7240500EDE147 /* AppDelegate.swift in Sources */ = {isa = PBXBuildFile; fileRef = 0EEDB3E71FD7240500EDE147 /* AppDelegate.swift */; };
		0EEDB3ED1FD7240500EDE147 /* Main.storyboard in Resources */ = {isa = PBXBuildFile; fileRef = 0EEDB3EB1FD7240500EDE147 /* Main.storyboard */; };
		0EEDB3EF1FD7240500EDE147 /* Assets.xcassets in Resources */ = {isa = PBXBuildFile; fileRef = 0EEDB3EE1FD7240500EDE147 /* Assets.xcassets */; };
		0EEDB3F21FD7240500EDE147 /* LaunchScreen.storyboard in Resources */ = {isa = PBXBuildFile; fileRef = 0EEDB3F01FD7240500EDE147 /* LaunchScreen.storyboard */; };
		0EEDB4011FD724AC00EDE147 /* CameraViewController.swift in Sources */ = {isa = PBXBuildFile; fileRef = 0EEDB3FC1FD724AC00EDE147 /* CameraViewController.swift */; };
		0EEDB4021FD724AC00EDE147 /* PhotoCaptureProcessor.swift in Sources */ = {isa = PBXBuildFile; fileRef = 0EEDB3FE1FD724AC00EDE147 /* PhotoCaptureProcessor.swift */; };
		0EEDB4031FD724AC00EDE147 /* Camera.swift in Sources */ = {isa = PBXBuildFile; fileRef = 0EEDB3FF1FD724AC00EDE147 /* Camera.swift */; };
/* End PBXBuildFile section */

/* Begin PBXFileReference section */
		0E0871841FD786F900ECE059 /* VideoRecordingProcessor.swift */ = {isa = PBXFileReference; lastKnownFileType = sourcecode.swift; path = VideoRecordingProcessor.swift; sourceTree = "<group>"; };
		0E0871891FD7BEF200ECE059 /* XPLO-Bridging-Header.h */ = {isa = PBXFileReference; lastKnownFileType = sourcecode.c.h; path = "XPLO-Bridging-Header.h"; sourceTree = "<group>"; };
		0E0871901FD7C04B00ECE059 /* Shaders.metal */ = {isa = PBXFileReference; fileEncoding = 4; lastKnownFileType = sourcecode.metal; path = Shaders.metal; sourceTree = "<group>"; };
		0E1304AB1FD8E2C0007BF97E /* PreviewMetalView.swift */ = {isa = PBXFileReference; lastKnownFileType = sourcecode.swift; path = PreviewMetalView.swift; sourceTree = "<group>"; };
		0E78B8FE1FEC4C9400EDCED7 /* PHPhotoLibrary+Save.swift */ = {isa = PBXFileReference; lastKnownFileType = sourcecode.swift; path = "PHPhotoLibrary+Save.swift"; sourceTree = "<group>"; };
		0E8B6DF72004B04F006CD08E /* PhotoAlbumViewController.swift */ = {isa = PBXFileReference; lastKnownFileType = sourcecode.swift; path = PhotoAlbumViewController.swift; sourceTree = "<group>"; };
		0E8B6DFA2004B08D006CD08E /* VirtualCamera.swift */ = {isa = PBXFileReference; fileEncoding = 4; lastKnownFileType = sourcecode.swift; path = VirtualCamera.swift; sourceTree = "<group>"; };
		0E8B6DFB2004B08D006CD08E /* Renderer.swift */ = {isa = PBXFileReference; fileEncoding = 4; lastKnownFileType = sourcecode.swift; path = Renderer.swift; sourceTree = "<group>"; };
		0E8B6DFC2004B08D006CD08E /* XYZ.swift */ = {isa = PBXFileReference; fileEncoding = 4; lastKnownFileType = sourcecode.swift; path = XYZ.swift; sourceTree = "<group>"; };
		0E8B6DFD2004B08D006CD08E /* Matrix.swift */ = {isa = PBXFileReference; fileEncoding = 4; lastKnownFileType = sourcecode.swift; path = Matrix.swift; sourceTree = "<group>"; };
		0E8B6DFE2004B08D006CD08E /* Mesh.swift */ = {isa = PBXFileReference; fileEncoding = 4; lastKnownFileType = sourcecode.swift; path = Mesh.swift; sourceTree = "<group>"; };
		0EEDB3E41FD7240500EDE147 /* XPLO.app */ = {isa = PBXFileReference; explicitFileType = wrapper.application; includeInIndex = 0; path = XPLO.app; sourceTree = BUILT_PRODUCTS_DIR; };
		0EEDB3E71FD7240500EDE147 /* AppDelegate.swift */ = {isa = PBXFileReference; lastKnownFileType = sourcecode.swift; path = AppDelegate.swift; sourceTree = "<group>"; };
		0EEDB3EC1FD7240500EDE147 /* Base */ = {isa = PBXFileReference; lastKnownFileType = file.storyboard; name = Base; path = Base.lproj/Main.storyboard; sourceTree = "<group>"; };
		0EEDB3EE1FD7240500EDE147 /* Assets.xcassets */ = {isa = PBXFileReference; lastKnownFileType = folder.assetcatalog; path = Assets.xcassets; sourceTree = "<group>"; };
		0EEDB3F11FD7240500EDE147 /* Base */ = {isa = PBXFileReference; lastKnownFileType = file.storyboard; name = Base; path = Base.lproj/LaunchScreen.storyboard; sourceTree = "<group>"; };
		0EEDB3F31FD7240500EDE147 /* Info.plist */ = {isa = PBXFileReference; lastKnownFileType = text.plist.xml; path = Info.plist; sourceTree = "<group>"; };
		0EEDB3FC1FD724AC00EDE147 /* CameraViewController.swift */ = {isa = PBXFileReference; fileEncoding = 4; lastKnownFileType = sourcecode.swift; path = CameraViewController.swift; sourceTree = "<group>"; };
		0EEDB3FE1FD724AC00EDE147 /* PhotoCaptureProcessor.swift */ = {isa = PBXFileReference; fileEncoding = 4; lastKnownFileType = sourcecode.swift; path = PhotoCaptureProcessor.swift; sourceTree = "<group>"; };
		0EEDB3FF1FD724AC00EDE147 /* Camera.swift */ = {isa = PBXFileReference; fileEncoding = 4; lastKnownFileType = sourcecode.swift; path = Camera.swift; sourceTree = "<group>"; };
/* End PBXFileReference section */

/* Begin PBXFrameworksBuildPhase section */
		0EEDB3E11FD7240500EDE147 /* Frameworks */ = {
			isa = PBXFrameworksBuildPhase;
			buildActionMask = 2147483647;
			files = (
			);
			runOnlyForDeploymentPostprocessing = 0;
		};
/* End PBXFrameworksBuildPhase section */

/* Begin PBXGroup section */
		0E0871A31FD7C14E00ECE059 /* Capture */ = {
			isa = PBXGroup;
			children = (
				0EEDB3FE1FD724AC00EDE147 /* PhotoCaptureProcessor.swift */,
				0E78B8FE1FEC4C9400EDCED7 /* PHPhotoLibrary+Save.swift */,
				0E0871841FD786F900ECE059 /* VideoRecordingProcessor.swift */,
				0EEDB3FF1FD724AC00EDE147 /* Camera.swift */,
			);
			path = Capture;
			sourceTree = "<group>";
		};
		0E1304AD1FD8E329007BF97E /* Shaders */ = {
			isa = PBXGroup;
			children = (
				0E0871901FD7C04B00ECE059 /* Shaders.metal */,
			);
			path = Shaders;
			sourceTree = "<group>";
		};
		0E8B6DF92004B077006CD08E /* Renderer */ = {
			isa = PBXGroup;
			children = (
				0E8B6DFB2004B08D006CD08E /* Renderer.swift */,
				0E8B6DFE2004B08D006CD08E /* Mesh.swift */,
				0E8B6DFA2004B08D006CD08E /* VirtualCamera.swift */,
				0E8B6DFD2004B08D006CD08E /* Matrix.swift */,
				0E8B6DFC2004B08D006CD08E /* XYZ.swift */,
			);
			path = Renderer;
			sourceTree = "<group>";
		};
		0EEDB3DB1FD7240500EDE147 = {
			isa = PBXGroup;
			children = (
				0EEDB3E61FD7240500EDE147 /* XPLO */,
				0EEDB3E51FD7240500EDE147 /* Products */,
			);
			sourceTree = "<group>";
		};
		0EEDB3E51FD7240500EDE147 /* Products */ = {
			isa = PBXGroup;
			children = (
				0EEDB3E41FD7240500EDE147 /* XPLO.app */,
			);
			name = Products;
			sourceTree = "<group>";
		};
		0EEDB3E61FD7240500EDE147 /* XPLO */ = {
			isa = PBXGroup;
			children = (
				0E1304AD1FD8E329007BF97E /* Shaders */,
				0EEDB3FD1FD724AC00EDE147 /* Model */,
				0EEDB3F91FD724AC00EDE147 /* Views */,
				0EEDB3FB1FD724AC00EDE147 /* ViewControllers */,
				0EEDB3E71FD7240500EDE147 /* AppDelegate.swift */,
				0E0871891FD7BEF200ECE059 /* XPLO-Bridging-Header.h */,
				0EEDB3EB1FD7240500EDE147 /* Main.storyboard */,
				0EEDB3EE1FD7240500EDE147 /* Assets.xcassets */,
				0EEDB3F01FD7240500EDE147 /* LaunchScreen.storyboard */,
				0EEDB3F31FD7240500EDE147 /* Info.plist */,
			);
			path = XPLO;
			sourceTree = "<group>";
		};
		0EEDB3F91FD724AC00EDE147 /* Views */ = {
			isa = PBXGroup;
			children = (
				0E1304AB1FD8E2C0007BF97E /* PreviewMetalView.swift */,
			);
			path = Views;
			sourceTree = "<group>";
		};
		0EEDB3FB1FD724AC00EDE147 /* ViewControllers */ = {
			isa = PBXGroup;
			children = (
				0EEDB3FC1FD724AC00EDE147 /* CameraViewController.swift */,
				0E8B6DF72004B04F006CD08E /* PhotoAlbumViewController.swift */,
			);
			path = ViewControllers;
			sourceTree = "<group>";
		};
		0EEDB3FD1FD724AC00EDE147 /* Model */ = {
			isa = PBXGroup;
			children = (
				0E0871A31FD7C14E00ECE059 /* Capture */,
				0E8B6DF92004B077006CD08E /* Renderer */,
			);
			path = Model;
			sourceTree = "<group>";
		};
/* End PBXGroup section */

/* Begin PBXNativeTarget section */
		0EEDB3E31FD7240500EDE147 /* XPLO */ = {
			isa = PBXNativeTarget;
			buildConfigurationList = 0EEDB3F61FD7240500EDE147 /* Build configuration list for PBXNativeTarget "XPLO" */;
			buildPhases = (
				0EEDB3E01FD7240500EDE147 /* Sources */,
				0EEDB3E11FD7240500EDE147 /* Frameworks */,
				0EEDB3E21FD7240500EDE147 /* Resources */,
			);
			buildRules = (
			);
			dependencies = (
			);
			name = XPLO;
			productName = XPLO;
			productReference = 0EEDB3E41FD7240500EDE147 /* XPLO.app */;
			productType = "com.apple.product-type.application";
		};
/* End PBXNativeTarget section */

/* Begin PBXProject section */
		0EEDB3DC1FD7240500EDE147 /* Project object */ = {
			isa = PBXProject;
			attributes = {
				LastSwiftUpdateCheck = 0920;
				LastUpgradeCheck = 0920;
				ORGANIZATIONNAME = "Sean Fredrick, LLC";
				TargetAttributes = {
					0EEDB3E31FD7240500EDE147 = {
						CreatedOnToolsVersion = 9.2;
						LastSwiftMigration = 0920;
						ProvisioningStyle = Automatic;
					};
				};
			};
			buildConfigurationList = 0EEDB3DF1FD7240500EDE147 /* Build configuration list for PBXProject "XPLO" */;
			compatibilityVersion = "Xcode 8.0";
			developmentRegion = en;
			hasScannedForEncodings = 0;
			knownRegions = (
				en,
				Base,
			);
			mainGroup = 0EEDB3DB1FD7240500EDE147;
			productRefGroup = 0EEDB3E51FD7240500EDE147 /* Products */;
			projectDirPath = "";
			projectRoot = "";
			targets = (
				0EEDB3E31FD7240500EDE147 /* XPLO */,
			);
		};
/* End PBXProject section */

/* Begin PBXResourcesBuildPhase section */
		0EEDB3E21FD7240500EDE147 /* Resources */ = {
			isa = PBXResourcesBuildPhase;
			buildActionMask = 2147483647;
			files = (
				0EEDB3F21FD7240500EDE147 /* LaunchScreen.storyboard in Resources */,
				0EEDB3EF1FD7240500EDE147 /* Assets.xcassets in Resources */,
				0EEDB3ED1FD7240500EDE147 /* Main.storyboard in Resources */,
			);
			runOnlyForDeploymentPostprocessing = 0;
		};
/* End PBXResourcesBuildPhase section */

/* Begin PBXSourcesBuildPhase section */
		0EEDB3E01FD7240500EDE147 /* Sources */ = {
			isa = PBXSourcesBuildPhase;
			buildActionMask = 2147483647;
			files = (
				0E8B6DFF2004B08D006CD08E /* VirtualCamera.swift in Sources */,
				0E78B8FF1FEC4C9500EDCED7 /* PHPhotoLibrary+Save.swift in Sources */,
				0E8B6E002004B08D006CD08E /* Renderer.swift in Sources */,
				0EEDB4021FD724AC00EDE147 /* PhotoCaptureProcessor.swift in Sources */,
				0EEDB4031FD724AC00EDE147 /* Camera.swift in Sources */,
				0EEDB3E81FD7240500EDE147 /* AppDelegate.swift in Sources */,
				0E0871851FD786F900ECE059 /* VideoRecordingProcessor.swift in Sources */,
				0E08719E1FD7C04B00ECE059 /* Shaders.metal in Sources */,
				0E8B6E012004B08D006CD08E /* XYZ.swift in Sources */,
				0E1304AC1FD8E2C0007BF97E /* PreviewMetalView.swift in Sources */,
				0E8B6E022004B08D006CD08E /* Matrix.swift in Sources */,
				0EEDB4011FD724AC00EDE147 /* CameraViewController.swift in Sources */,
				0E8B6E032004B08D006CD08E /* Mesh.swift in Sources */,
				0E8B6DF82004B04F006CD08E /* PhotoAlbumViewController.swift in Sources */,
			);
			runOnlyForDeploymentPostprocessing = 0;
		};
/* End PBXSourcesBuildPhase section */

/* Begin PBXVariantGroup section */
		0EEDB3EB1FD7240500EDE147 /* Main.storyboard */ = {
			isa = PBXVariantGroup;
			children = (
				0EEDB3EC1FD7240500EDE147 /* Base */,
			);
			name = Main.storyboard;
			sourceTree = "<group>";
		};
		0EEDB3F01FD7240500EDE147 /* LaunchScreen.storyboard */ = {
			isa = PBXVariantGroup;
			children = (
				0EEDB3F11FD7240500EDE147 /* Base */,
			);
			name = LaunchScreen.storyboard;
			sourceTree = "<group>";
		};
/* End PBXVariantGroup section */

/* Begin XCBuildConfiguration section */
		0EEDB3F41FD7240500EDE147 /* Debug */ = {
			isa = XCBuildConfiguration;
			buildSettings = {
				ALWAYS_SEARCH_USER_PATHS = NO;
				CLANG_ANALYZER_NONNULL = YES;
				CLANG_ANALYZER_NUMBER_OBJECT_CONVERSION = YES_AGGRESSIVE;
				CLANG_CXX_LANGUAGE_STANDARD = "gnu++14";
				CLANG_CXX_LIBRARY = "libc++";
				CLANG_ENABLE_MODULES = YES;
				CLANG_ENABLE_OBJC_ARC = YES;
				CLANG_WARN_BLOCK_CAPTURE_AUTORELEASING = YES;
				CLANG_WARN_BOOL_CONVERSION = YES;
				CLANG_WARN_COMMA = YES;
				CLANG_WARN_CONSTANT_CONVERSION = YES;
				CLANG_WARN_DIRECT_OBJC_ISA_USAGE = YES_ERROR;
				CLANG_WARN_DOCUMENTATION_COMMENTS = YES;
				CLANG_WARN_EMPTY_BODY = YES;
				CLANG_WARN_ENUM_CONVERSION = YES;
				CLANG_WARN_INFINITE_RECURSION = YES;
				CLANG_WARN_INT_CONVERSION = YES;
				CLANG_WARN_NON_LITERAL_NULL_CONVERSION = YES;
				CLANG_WARN_OBJC_LITERAL_CONVERSION = YES;
				CLANG_WARN_OBJC_ROOT_CLASS = YES_ERROR;
				CLANG_WARN_RANGE_LOOP_ANALYSIS = YES;
				CLANG_WARN_STRICT_PROTOTYPES = YES;
				CLANG_WARN_SUSPICIOUS_MOVE = YES;
				CLANG_WARN_UNGUARDED_AVAILABILITY = YES_AGGRESSIVE;
				CLANG_WARN_UNREACHABLE_CODE = YES;
				CLANG_WARN__DUPLICATE_METHOD_MATCH = YES;
				CODE_SIGN_IDENTITY = "iPhone Developer";
				COPY_PHASE_STRIP = NO;
				DEBUG_INFORMATION_FORMAT = dwarf;
				ENABLE_STRICT_OBJC_MSGSEND = YES;
				ENABLE_TESTABILITY = YES;
				GCC_C_LANGUAGE_STANDARD = gnu11;
				GCC_DYNAMIC_NO_PIC = NO;
				GCC_NO_COMMON_BLOCKS = YES;
				GCC_OPTIMIZATION_LEVEL = 0;
				GCC_PREPROCESSOR_DEFINITIONS = (
					"DEBUG=1",
					"$(inherited)",
				);
				GCC_WARN_64_TO_32_BIT_CONVERSION = YES;
				GCC_WARN_ABOUT_RETURN_TYPE = YES_ERROR;
				GCC_WARN_UNDECLARED_SELECTOR = YES;
				GCC_WARN_UNINITIALIZED_AUTOS = YES_AGGRESSIVE;
				GCC_WARN_UNUSED_FUNCTION = YES;
				GCC_WARN_UNUSED_VARIABLE = YES;
				IPHONEOS_DEPLOYMENT_TARGET = 11.2;
				MTL_ENABLE_DEBUG_INFO = YES;
				ONLY_ACTIVE_ARCH = YES;
				SDKROOT = iphoneos;
				SWIFT_ACTIVE_COMPILATION_CONDITIONS = DEBUG;
				SWIFT_OPTIMIZATION_LEVEL = "-Onone";
			};
			name = Debug;
		};
		0EEDB3F51FD7240500EDE147 /* Release */ = {
			isa = XCBuildConfiguration;
			buildSettings = {
				ALWAYS_SEARCH_USER_PATHS = NO;
				CLANG_ANALYZER_NONNULL = YES;
				CLANG_ANALYZER_NUMBER_OBJECT_CONVERSION = YES_AGGRESSIVE;
				CLANG_CXX_LANGUAGE_STANDARD = "gnu++14";
				CLANG_CXX_LIBRARY = "libc++";
				CLANG_ENABLE_MODULES = YES;
				CLANG_ENABLE_OBJC_ARC = YES;
				CLANG_WARN_BLOCK_CAPTURE_AUTORELEASING = YES;
				CLANG_WARN_BOOL_CONVERSION = YES;
				CLANG_WARN_COMMA = YES;
				CLANG_WARN_CONSTANT_CONVERSION = YES;
				CLANG_WARN_DIRECT_OBJC_ISA_USAGE = YES_ERROR;
				CLANG_WARN_DOCUMENTATION_COMMENTS = YES;
				CLANG_WARN_EMPTY_BODY = YES;
				CLANG_WARN_ENUM_CONVERSION = YES;
				CLANG_WARN_INFINITE_RECURSION = YES;
				CLANG_WARN_INT_CONVERSION = YES;
				CLANG_WARN_NON_LITERAL_NULL_CONVERSION = YES;
				CLANG_WARN_OBJC_LITERAL_CONVERSION = YES;
				CLANG_WARN_OBJC_ROOT_CLASS = YES_ERROR;
				CLANG_WARN_RANGE_LOOP_ANALYSIS = YES;
				CLANG_WARN_STRICT_PROTOTYPES = YES;
				CLANG_WARN_SUSPICIOUS_MOVE = YES;
				CLANG_WARN_UNGUARDED_AVAILABILITY = YES_AGGRESSIVE;
				CLANG_WARN_UNREACHABLE_CODE = YES;
				CLANG_WARN__DUPLICATE_METHOD_MATCH = YES;
				CODE_SIGN_IDENTITY = "iPhone Developer";
				COPY_PHASE_STRIP = NO;
				DEBUG_INFORMATION_FORMAT = "dwarf-with-dsym";
				ENABLE_NS_ASSERTIONS = NO;
				ENABLE_STRICT_OBJC_MSGSEND = YES;
				GCC_C_LANGUAGE_STANDARD = gnu11;
				GCC_NO_COMMON_BLOCKS = YES;
				GCC_WARN_64_TO_32_BIT_CONVERSION = YES;
				GCC_WARN_ABOUT_RETURN_TYPE = YES_ERROR;
				GCC_WARN_UNDECLARED_SELECTOR = YES;
				GCC_WARN_UNINITIALIZED_AUTOS = YES_AGGRESSIVE;
				GCC_WARN_UNUSED_FUNCTION = YES;
				GCC_WARN_UNUSED_VARIABLE = YES;
				IPHONEOS_DEPLOYMENT_TARGET = 11.2;
				MTL_ENABLE_DEBUG_INFO = NO;
				SDKROOT = iphoneos;
				SWIFT_OPTIMIZATION_LEVEL = "-Owholemodule";
				VALIDATE_PRODUCT = YES;
			};
			name = Release;
		};
		0EEDB3F71FD7240500EDE147 /* Debug */ = {
			isa = XCBuildConfiguration;
			buildSettings = {
				ASSETCATALOG_COMPILER_APPICON_NAME = AppIcon;
				CLANG_ENABLE_MODULES = YES;
				CODE_SIGN_STYLE = Automatic;
				DEVELOPMENT_TEAM = 2NBGWK9T29;
				INFOPLIST_FILE = XPLO/Info.plist;
				IPHONEOS_DEPLOYMENT_TARGET = 11.1;
				LD_RUNPATH_SEARCH_PATHS = "$(inherited) @executable_path/Frameworks";
				PRODUCT_BUNDLE_IDENTIFIER = com.sean.fredrick.XPLO;
				PRODUCT_NAME = "$(TARGET_NAME)";
				SWIFT_OBJC_BRIDGING_HEADER = "XPLO/XPLO-Bridging-Header.h";
				SWIFT_OPTIMIZATION_LEVEL = "-Onone";
				SWIFT_VERSION = 4.0;
				TARGETED_DEVICE_FAMILY = 1;
			};
			name = Debug;
		};
		0EEDB3F81FD7240500EDE147 /* Release */ = {
			isa = XCBuildConfiguration;
			buildSettings = {
				ASSETCATALOG_COMPILER_APPICON_NAME = AppIcon;
				CLANG_ENABLE_MODULES = YES;
				CODE_SIGN_STYLE = Automatic;
				DEVELOPMENT_TEAM = 2NBGWK9T29;
				INFOPLIST_FILE = XPLO/Info.plist;
				IPHONEOS_DEPLOYMENT_TARGET = 11.1;
				LD_RUNPATH_SEARCH_PATHS = "$(inherited) @executable_path/Frameworks";
				PRODUCT_BUNDLE_IDENTIFIER = com.sean.fredrick.XPLO;
				PRODUCT_NAME = "$(TARGET_NAME)";
				SWIFT_OBJC_BRIDGING_HEADER = "XPLO/XPLO-Bridging-Header.h";
				SWIFT_VERSION = 4.0;
				TARGETED_DEVICE_FAMILY = 1;
			};
			name = Release;
		};
/* End XCBuildConfiguration section */

/* Begin XCConfigurationList section */
		0EEDB3DF1FD7240500EDE147 /* Build configuration list for PBXProject "XPLO" */ = {
			isa = XCConfigurationList;
			buildConfigurations = (
				0EEDB3F41FD7240500EDE147 /* Debug */,
				0EEDB3F51FD7240500EDE147 /* Release */,
			);
			defaultConfigurationIsVisible = 0;
			defaultConfigurationName = Release;
		};
		0EEDB3F61FD7240500EDE147 /* Build configuration list for PBXNativeTarget "XPLO" */ = {
			isa = XCConfigurationList;
			buildConfigurations = (
				0EEDB3F71FD7240500EDE147 /* Debug */,
				0EEDB3F81FD7240500EDE147 /* Release */,
			);
			defaultConfigurationIsVisible = 0;
			defaultConfigurationName = Release;
		};
/* End XCConfigurationList section */
	};
	rootObject = 0EEDB3DC1FD7240500EDE147 /* Project object */;
}
